
Microsoft Visual Studio Solution File, Format Version 12.00
# Visual Studio Version 16
VisualStudioVersion = 16.0.30114.105
MinimumVisualStudioVersion = 10.0.40219.1
Project("{FAE04EC0-301F-11D3-BF4B-00C04F79EFBC}") = "AutoClicker", "AutoClicker\AutoClicker.csproj", "{DECE4BB7-6E26-421C-80C2-E6FA4176F04D}"
EndProject
Project("{2150E333-8FDC-42A3-9474-1A3956D46DE8}") = "Solution Items", "Solution Items", "{866582E4-E107-4BFD-8E85-35525AF06498}"
	ProjectSection(SolutionItems) = preProject
		.editorconfig = .editorconfig
	EndProjectSection
EndProject
Global
	GlobalSection(SolutionConfigurationPlatforms) = preSolution
		Debug|Any CPU = Debug|Any CPU
		Release|Any CPU = Release|Any CPU
	EndGlobalSection
	GlobalSection(ProjectConfigurationPlatforms) = postSolution
		{DECE4BB7-6E26-421C-80C2-E6FA4176F04D}.Debug|Any CPU.ActiveCfg = Debug|Any CPU
		{DECE4BB7-6E26-421C-80C2-E6FA4176F04D}.Debug|Any CPU.Build.0 = Debug|Any CPU
		{DECE4BB7-6E26-421C-80C2-E6FA4176F04D}.Release|Any CPU.ActiveCfg = Release|Any CPU
		{DECE4BB7-6E26-421C-80C2-E6FA4176F04D}.Release|Any CPU.Build.0 = Release|Any CPU
	EndGlobalSection
	GlobalSection(SolutionProperties) = preSolution
		HideSolutionNode = FALSE
	EndGlobalSection
	GlobalSection(ExtensibilityGlobals) = postSolution
		SolutionGuid = {FCA1DDEC-EE88-442C-85B0-616AD69B0ADE}
	EndGlobalSection
EndGlobal
